{
    "version": 3,
    "terraform_version": "0.11.10",
    "serial": 5,
    "lineage": "7076ef35-d33c-d7cf-74b3-07525def92c8",
    "modules": [
        {
            "path": [
                "root"
            ],
            "outputs": {},
            "resources": {
                "aws_instance.terraform-demo-box": {
                    "type": "aws_instance",
                    "depends_on": [],
                    "primary": {
                        "id": "i-009a8c940fd56ad8b",
                        "attributes": {
                            "ami": "ami-0653e888ec96eab9b",
                            "arn": "arn:aws:ec2:us-east-2:679112444882:instance/i-009a8c940fd56ad8b",
                            "associate_public_ip_address": "true",
                            "availability_zone": "us-east-2c",
                            "cpu_core_count": "1",
                            "cpu_threads_per_core": "1",
                            "credit_specification.#": "1",
                            "credit_specification.0.cpu_credits": "standard",
                            "disable_api_termination": "false",
                            "ebs_block_device.#": "0",
                            "ebs_optimized": "false",
                            "ephemeral_block_device.#": "0",
                            "get_password_data": "false",
                            "iam_instance_profile": "",
                            "id": "i-009a8c940fd56ad8b",
                            "instance_state": "running",
                            "instance_type": "t2.micro",
                            "ipv6_addresses.#": "0",
                            "key_name": "",
                            "monitoring": "false",
                            "network_interface.#": "0",
                            "network_interface_id": "eni-01cc71592e344fc53",
                            "password_data": "",
                            "placement_group": "",
                            "primary_network_interface_id": "eni-01cc71592e344fc53",
                            "private_dns": "ip-172-31-32-171.us-east-2.compute.internal",
                            "private_ip": "172.31.32.171",
                            "public_dns": "ec2-18-216-116-174.us-east-2.compute.amazonaws.com",
                            "public_ip": "18.216.116.174",
                            "root_block_device.#": "1",
                            "root_block_device.0.delete_on_termination": "true",
                            "root_block_device.0.iops": "100",
                            "root_block_device.0.volume_id": "vol-00a232c6dacbdebd8",
                            "root_block_device.0.volume_size": "8",
                            "root_block_device.0.volume_type": "gp2",
                            "security_groups.#": "1",
                            "security_groups.3814588639": "default",
                            "source_dest_check": "true",
                            "subnet_id": "subnet-cf58ba82",
                            "tags.%": "0",
                            "tenancy": "default",
                            "volume_tags.%": "0",
                            "vpc_security_group_ids.#": "1",
                            "vpc_security_group_ids.1415579699": "sg-5c6a0b35"
                        },
                        "meta": {
                            "e2bfb730-ecaa-11e6-8f88-34363bc7c4c0": {
                                "create": 600000000000,
                                "delete": 1200000000000,
                                "update": 600000000000
                            },
                            "schema_version": "1"
                        },
                        "tainted": false
                    },
                    "deposed": [],
                    "provider": "provider.aws"
                }
            },
            "depends_on": []
        }
    ]
}
